
Microsoft Visual Studio Solution File, Format Version 12.00
# Visual Studio Version 17
VisualStudioVersion = 17.14.36327.8
MinimumVisualStudioVersion = 10.0.40219.1
Project("{FAE04EC0-301F-11D3-BF4B-00C04F79EFBC}") = "clubes-batch", "clubes-batch.csproj", "{620AED77-ADE6-45CD-A9A0-F3CA7778A8C5}"
EndProject
Global
	GlobalSection(SolutionConfigurationPlatforms) = preSolution
		Debug|Any CPU = Debug|Any CPU
		Debug|x64 = Debug|x64
		Debug|x86 = Debug|x86
		Release|Any CPU = Release|Any CPU
		Release|x64 = Release|x64
		Release|x86 = Release|x86
	EndGlobalSection
	GlobalSection(ProjectConfigurationPlatforms) = postSolution
		{620AED77-ADE6-45CD-A9A0-F3CA7778A8C5}.Debug|Any CPU.ActiveCfg = Debug|Any CPU
		{620AED77-ADE6-45CD-A9A0-F3CA7778A8C5}.Debug|Any CPU.Build.0 = Debug|Any CPU
		{620AED77-ADE6-45CD-A9A0-F3CA7778A8C5}.Debug|x64.ActiveCfg = Debug|Any CPU
		{620AED77-ADE6-45CD-A9A0-F3CA7778A8C5}.Debug|x64.Build.0 = Debug|Any CPU
		{620AED77-ADE6-45CD-A9A0-F3CA7778A8C5}.Debug|x86.ActiveCfg = Debug|Any CPU
		{620AED77-ADE6-45CD-A9A0-F3CA7778A8C5}.Debug|x86.Build.0 = Debug|Any CPU
		{620AED77-ADE6-45CD-A9A0-F3CA7778A8C5}.Release|Any CPU.ActiveCfg = Release|Any CPU
		{620AED77-ADE6-45CD-A9A0-F3CA7778A8C5}.Release|Any CPU.Build.0 = Release|Any CPU
		{620AED77-ADE6-45CD-A9A0-F3CA7778A8C5}.Release|x64.ActiveCfg = Release|Any CPU
		{620AED77-ADE6-45CD-A9A0-F3CA7778A8C5}.Release|x64.Build.0 = Release|Any CPU
		{620AED77-ADE6-45CD-A9A0-F3CA7778A8C5}.Release|x86.ActiveCfg = Release|Any CPU
		{620AED77-ADE6-45CD-A9A0-F3CA7778A8C5}.Release|x86.Build.0 = Release|Any CPU
	EndGlobalSection
	GlobalSection(SolutionProperties) = preSolution
		HideSolutionNode = FALSE
	EndGlobalSection
	GlobalSection(ExtensibilityGlobals) = postSolution
		SolutionGuid = {FA8966BD-229D-4C62-AEC2-DA1A23CEDEBF}
	EndGlobalSection
EndGlobal
